
Microsoft Visual Studio Solution File, Format Version 12.00
# Visual Studio Version 17
VisualStudioVersion = 17.3.32901.215
MinimumVisualStudioVersion = 10.0.40219.1
Project("{9A19103F-16F7-4668-BE54-9A1E7A4F7556}") = "EnsimagCafet.Domain.Shared", "EnsimagCafet.Domain.Shared\EnsimagCafet.Domain.Shared.csproj", "{21F9A0FA-C105-4877-9BEA-32C5645E3C9F}"
EndProject
Project("{9A19103F-16F7-4668-BE54-9A1E7A4F7556}") = "EnsimagCafet.Domain", "EnsimagCafet.Domain\EnsimagCafet.Domain.csproj", "{4C820308-896A-4F5D-89E9-C0EE782423EA}"
EndProject
Project("{9A19103F-16F7-4668-BE54-9A1E7A4F7556}") = "APITools.Domain", "APITools.Domain\APITools.Domain.csproj", "{5537059A-A363-46BE-9331-A3ED267D613A}"
EndProject
Project("{9A19103F-16F7-4668-BE54-9A1E7A4F7556}") = "APITools.Domain.Contracts", "APITools.Domain.Contracts\APITools.Domain.Contracts.csproj", "{5F5C271A-D8B2-482E-A68A-2B2CFE5A05A8}"
EndProject
Project("{9A19103F-16F7-4668-BE54-9A1E7A4F7556}") = "APITools.CommonTools", "APITools.CommonTools\APITools.CommonTools.csproj", "{4EA7BAE4-96A3-43C3-B0AF-36D18CFEA2F9}"
EndProject
Project("{9A19103F-16F7-4668-BE54-9A1E7A4F7556}") = "APITools.EntityFrameworkCore", "APITools.EntityFrameworkCore\APITools.EntityFrameworkCore.csproj", "{B65E40B1-D70C-4556-9B86-6613954BBFFF}"
EndProject
Project("{9A19103F-16F7-4668-BE54-9A1E7A4F7556}") = "EnsimagCafet.Web", "EnsimagCafet.Web\EnsimagCafet.Web.csproj", "{FB1B417A-16CB-41BF-A67D-38A1F0C3E4DB}"
EndProject
Project("{9A19103F-16F7-4668-BE54-9A1E7A4F7556}") = "EnsimagCafet.EntityFrameworkCore.DbMigrator", "EnsimagCafet.EntityFrameworkCore.DbMigrator\EnsimagCafet.EntityFrameworkCore.DbMigrator.csproj", "{02E8F313-0245-4E79-985D-8B22323A1D72}"
EndProject
Project("{9A19103F-16F7-4668-BE54-9A1E7A4F7556}") = "EnsimagCafet.MailKit", "EnsimagCafet.MailKit\EnsimagCafet.MailKit.csproj", "{C5DD0D53-341D-4673-88A8-BD40A0D5F222}"
EndProject
Project("{2150E333-8FDC-42A3-9474-1A3956D46DE8}") = "Solution Items", "Solution Items", "{4C1B9338-3428-4EC2-85E9-A8DF814AFA08}"
	ProjectSection(SolutionItems) = preProject
		.editorconfig = .editorconfig
	EndProjectSection
EndProject
Project("{9A19103F-16F7-4668-BE54-9A1E7A4F7556}") = "EnsimagCafet.EntityFrameworkCore", "EnsimagCafet.EntityFrameworkCore\EnsimagCafet.EntityFrameworkCore.csproj", "{EEB7C9C1-2E78-494D-BB01-3B314979D47A}"
EndProject
Project("{E53339B2-1760-4266-BCC7-CA923CBCF16C}") = "docker-compose", "docker-compose.dcproj", "{B69501FB-9B88-4631-9668-D4E4AF79586E}"
EndProject
Global
	GlobalSection(SolutionConfigurationPlatforms) = preSolution
		Debug|Any CPU = Debug|Any CPU
		Release|Any CPU = Release|Any CPU
	EndGlobalSection
	GlobalSection(ProjectConfigurationPlatforms) = postSolution
		{21F9A0FA-C105-4877-9BEA-32C5645E3C9F}.Debug|Any CPU.ActiveCfg = Debug|Any CPU
		{21F9A0FA-C105-4877-9BEA-32C5645E3C9F}.Debug|Any CPU.Build.0 = Debug|Any CPU
		{21F9A0FA-C105-4877-9BEA-32C5645E3C9F}.Release|Any CPU.ActiveCfg = Release|Any CPU
		{21F9A0FA-C105-4877-9BEA-32C5645E3C9F}.Release|Any CPU.Build.0 = Release|Any CPU
		{4C820308-896A-4F5D-89E9-C0EE782423EA}.Debug|Any CPU.ActiveCfg = Debug|Any CPU
		{4C820308-896A-4F5D-89E9-C0EE782423EA}.Debug|Any CPU.Build.0 = Debug|Any CPU
		{4C820308-896A-4F5D-89E9-C0EE782423EA}.Release|Any CPU.ActiveCfg = Release|Any CPU
		{4C820308-896A-4F5D-89E9-C0EE782423EA}.Release|Any CPU.Build.0 = Release|Any CPU
		{5537059A-A363-46BE-9331-A3ED267D613A}.Debug|Any CPU.ActiveCfg = Debug|Any CPU
		{5537059A-A363-46BE-9331-A3ED267D613A}.Debug|Any CPU.Build.0 = Debug|Any CPU
		{5537059A-A363-46BE-9331-A3ED267D613A}.Release|Any CPU.ActiveCfg = Release|Any CPU
		{5537059A-A363-46BE-9331-A3ED267D613A}.Release|Any CPU.Build.0 = Release|Any CPU
		{5F5C271A-D8B2-482E-A68A-2B2CFE5A05A8}.Debug|Any CPU.ActiveCfg = Debug|Any CPU
		{5F5C271A-D8B2-482E-A68A-2B2CFE5A05A8}.Debug|Any CPU.Build.0 = Debug|Any CPU
		{5F5C271A-D8B2-482E-A68A-2B2CFE5A05A8}.Release|Any CPU.ActiveCfg = Release|Any CPU
		{5F5C271A-D8B2-482E-A68A-2B2CFE5A05A8}.Release|Any CPU.Build.0 = Release|Any CPU
		{4EA7BAE4-96A3-43C3-B0AF-36D18CFEA2F9}.Debug|Any CPU.ActiveCfg = Debug|Any CPU
		{4EA7BAE4-96A3-43C3-B0AF-36D18CFEA2F9}.Debug|Any CPU.Build.0 = Debug|Any CPU
		{4EA7BAE4-96A3-43C3-B0AF-36D18CFEA2F9}.Release|Any CPU.ActiveCfg = Release|Any CPU
		{4EA7BAE4-96A3-43C3-B0AF-36D18CFEA2F9}.Release|Any CPU.Build.0 = Release|Any CPU
		{B65E40B1-D70C-4556-9B86-6613954BBFFF}.Debug|Any CPU.ActiveCfg = Debug|Any CPU
		{B65E40B1-D70C-4556-9B86-6613954BBFFF}.Debug|Any CPU.Build.0 = Debug|Any CPU
		{B65E40B1-D70C-4556-9B86-6613954BBFFF}.Release|Any CPU.ActiveCfg = Release|Any CPU
		{B65E40B1-D70C-4556-9B86-6613954BBFFF}.Release|Any CPU.Build.0 = Release|Any CPU
		{FB1B417A-16CB-41BF-A67D-38A1F0C3E4DB}.Debug|Any CPU.ActiveCfg = Debug|Any CPU
		{FB1B417A-16CB-41BF-A67D-38A1F0C3E4DB}.Debug|Any CPU.Build.0 = Debug|Any CPU
		{FB1B417A-16CB-41BF-A67D-38A1F0C3E4DB}.Release|Any CPU.ActiveCfg = Release|Any CPU
		{FB1B417A-16CB-41BF-A67D-38A1F0C3E4DB}.Release|Any CPU.Build.0 = Release|Any CPU
		{02E8F313-0245-4E79-985D-8B22323A1D72}.Debug|Any CPU.ActiveCfg = Debug|Any CPU
		{02E8F313-0245-4E79-985D-8B22323A1D72}.Debug|Any CPU.Build.0 = Debug|Any CPU
		{02E8F313-0245-4E79-985D-8B22323A1D72}.Release|Any CPU.ActiveCfg = Release|Any CPU
		{02E8F313-0245-4E79-985D-8B22323A1D72}.Release|Any CPU.Build.0 = Release|Any CPU
		{C5DD0D53-341D-4673-88A8-BD40A0D5F222}.Debug|Any CPU.ActiveCfg = Debug|Any CPU
		{C5DD0D53-341D-4673-88A8-BD40A0D5F222}.Debug|Any CPU.Build.0 = Debug|Any CPU
		{C5DD0D53-341D-4673-88A8-BD40A0D5F222}.Release|Any CPU.ActiveCfg = Release|Any CPU
		{C5DD0D53-341D-4673-88A8-BD40A0D5F222}.Release|Any CPU.Build.0 = Release|Any CPU
		{EEB7C9C1-2E78-494D-BB01-3B314979D47A}.Debug|Any CPU.ActiveCfg = Debug|Any CPU
		{EEB7C9C1-2E78-494D-BB01-3B314979D47A}.Debug|Any CPU.Build.0 = Debug|Any CPU
		{EEB7C9C1-2E78-494D-BB01-3B314979D47A}.Release|Any CPU.ActiveCfg = Release|Any CPU
		{EEB7C9C1-2E78-494D-BB01-3B314979D47A}.Release|Any CPU.Build.0 = Release|Any CPU
		{B69501FB-9B88-4631-9668-D4E4AF79586E}.Debug|Any CPU.ActiveCfg = Debug|Any CPU
		{B69501FB-9B88-4631-9668-D4E4AF79586E}.Debug|Any CPU.Build.0 = Debug|Any CPU
		{B69501FB-9B88-4631-9668-D4E4AF79586E}.Release|Any CPU.ActiveCfg = Release|Any CPU
		{B69501FB-9B88-4631-9668-D4E4AF79586E}.Release|Any CPU.Build.0 = Release|Any CPU
	EndGlobalSection
	GlobalSection(SolutionProperties) = preSolution
		HideSolutionNode = FALSE
	EndGlobalSection
	GlobalSection(ExtensibilityGlobals) = postSolution
		SolutionGuid = {43FD6E13-DAE1-454A-A4B7-8AF52AB08AB5}
	EndGlobalSection
EndGlobal
